
Microsoft Visual Studio Solution File, Format Version 12.00
# Visual Studio 15
VisualStudioVersion = 15.0.27130.2010
MinimumVisualStudioVersion = 10.0.40219.1
Project("{FAE04EC0-301F-11D3-BF4B-00C04F79EFBC}") = "AspAngularCP1", "AspAngularCP1\AspAngularCP1.csproj", "{4629342A-034D-4B95-A8D2-586814BF58C6}"
EndProject
Project("{E53339B2-1760-4266-BCC7-CA923CBCF16C}") = "docker-compose", "docker-compose.dcproj", "{AA38AEC5-47A3-4B4B-9D54-8B1374B17D46}"
EndProject
Global
	GlobalSection(SolutionConfigurationPlatforms) = preSolution
		Debug|Any CPU = Debug|Any CPU
		Release|Any CPU = Release|Any CPU
	EndGlobalSection
	GlobalSection(ProjectConfigurationPlatforms) = postSolution
		{4629342A-034D-4B95-A8D2-586814BF58C6}.Debug|Any CPU.ActiveCfg = Debug|Any CPU
		{4629342A-034D-4B95-A8D2-586814BF58C6}.Debug|Any CPU.Build.0 = Debug|Any CPU
		{4629342A-034D-4B95-A8D2-586814BF58C6}.Release|Any CPU.ActiveCfg = Release|Any CPU
		{4629342A-034D-4B95-A8D2-586814BF58C6}.Release|Any CPU.Build.0 = Release|Any CPU
		{AA38AEC5-47A3-4B4B-9D54-8B1374B17D46}.Debug|Any CPU.ActiveCfg = Debug|Any CPU
		{AA38AEC5-47A3-4B4B-9D54-8B1374B17D46}.Debug|Any CPU.Build.0 = Debug|Any CPU
		{AA38AEC5-47A3-4B4B-9D54-8B1374B17D46}.Release|Any CPU.ActiveCfg = Release|Any CPU
		{AA38AEC5-47A3-4B4B-9D54-8B1374B17D46}.Release|Any CPU.Build.0 = Release|Any CPU
	EndGlobalSection
	GlobalSection(SolutionProperties) = preSolution
		HideSolutionNode = FALSE
	EndGlobalSection
	GlobalSection(ExtensibilityGlobals) = postSolution
		SolutionGuid = {AC34458A-C67A-4FB6-9C6C-7E11E23408FF}
	EndGlobalSection
EndGlobal
